// !$*UTF8*$!
{
	archiveVersion = 1;
	classes = {
	};
	objectVersion = 54;
	objects = {

/* Begin PBXBuildFile section */
		1A2B3C4D5E6F708090A0B101 /* main.swift in Sources */ = {isa = PBXBuildFile; fileRef = 1A2B3C4D5E6F708090A0B001 /* main.swift */; };
		1A2B3C4D5E6F708090A0B102 /* AppDelegate.swift in Sources */ = {isa = PBXBuildFile; fileRef = 1A2B3C4D5E6F708090A0B002 /* AppDelegate.swift */; };
		1A2B3C4D5E6F708090A0B103 /* KeyboardLayout.swift in Sources */ = {isa = PBXBuildFile; fileRef = 1A2B3C4D5E6F708090A0B003 /* KeyboardLayout.swift */; };
		1A2B3C4D5E6F708090A0B104 /* HotkeyStore.swift in Sources */ = {isa = PBXBuildFile; fileRef = 1A2B3C4D5E6F708090A0B004 /* HotkeyStore.swift */; };
		1A2B3C4D5E6F708090A0B105 /* SplashWindowController.swift in Sources */ = {isa = PBXBuildFile; fileRef = 1A2B3C4D5E6F708090A0B005 /* SplashWindowController.swift */; };
		1A2B3C4D5E6F708090A0B106 /* SettingsWindowController.swift in Sources */ = {isa = PBXBuildFile; fileRef = 1A2B3C4D5E6F708090A0B006 /* SettingsWindowController.swift */; };
		1A2B3C4D5E6F708090A0B107 /* Assets.xcassets in Resources */ = {isa = PBXBuildFile; fileRef = 1A2B3C4D5E6F708090A0B007 /* Assets.xcassets */; };
		1A2B3C4D5E6F708090A0B108 /* LangSwitcher.icns in Resources */ = {isa = PBXBuildFile; fileRef = 1A2B3C4D5E6F708090A0B008 /* LangSwitcher.icns */; };
/* End PBXBuildFile section */

/* Begin PBXFileReference section */
		1A2B3C4D5E6F708090A0B001 /* main.swift */ = {isa = PBXFileReference; lastKnownFileType = sourcecode.swift; path = main.swift; sourceTree = "<group>"; };
		1A2B3C4D5E6F708090A0B002 /* AppDelegate.swift */ = {isa = PBXFileReference; lastKnownFileType = sourcecode.swift; path = AppDelegate.swift; sourceTree = "<group>"; };
		1A2B3C4D5E6F708090A0B003 /* KeyboardLayout.swift */ = {isa = PBXFileReference; lastKnownFileType = sourcecode.swift; path = KeyboardLayout.swift; sourceTree = "<group>"; };
		1A2B3C4D5E6F708090A0B004 /* HotkeyStore.swift */ = {isa = PBXFileReference; lastKnownFileType = sourcecode.swift; path = HotkeyStore.swift; sourceTree = "<group>"; };
		1A2B3C4D5E6F708090A0B005 /* SplashWindowController.swift */ = {isa = PBXFileReference; lastKnownFileType = sourcecode.swift; path = SplashWindowController.swift; sourceTree = "<group>"; };
		1A2B3C4D5E6F708090A0B006 /* SettingsWindowController.swift */ = {isa = PBXFileReference; lastKnownFileType = sourcecode.swift; path = SettingsWindowController.swift; sourceTree = "<group>"; };
		1A2B3C4D5E6F708090A0B007 /* Assets.xcassets */ = {isa = PBXFileReference; lastKnownFileType = folder.assetcatalog; path = Assets.xcassets; sourceTree = "<group>"; };
		1A2B3C4D5E6F708090A0B008 /* LangSwitcher.icns */ = {isa = PBXFileReference; lastKnownFileType = image.icns; path = LangSwitcher.icns; sourceTree = "<group>"; };
		1A2B3C4D5E6F708090A0B009 /* Info.plist */ = {isa = PBXFileReference; lastKnownFileType = text.plist.xml; path = Info.plist; sourceTree = "<group>"; };
		1A2B3C4D5E6F708090A0B0D0 /* LangSwitcher.app */ = {isa = PBXFileReference; explicitFileType = wrapper.application; includeInIndex = 0; path = LangSwitcher.app; sourceTree = BUILT_PRODUCTS_DIR; };
/* End PBXFileReference section */

/* Begin PBXFrameworksBuildPhase section */
		1A2B3C4D5E6F708090A0B0E1 /* Frameworks */ = {
			isa = PBXFrameworksBuildPhase;
			buildActionMask = 2147483647;
			files = (
			);
			runOnlyForDeploymentPostprocessing = 0;
		};
/* End PBXFrameworksBuildPhase section */

/* Begin PBXGroup section */
		1A2B3C4D5E6F708090A0B0F0 = {
			isa = PBXGroup;
			children = (
				1A2B3C4D5E6F708090A0B0F1 /* LangSwitcher */,
				1A2B3C4D5E6F708090A0B0F2 /* Products */,
			);
			sourceTree = "<group>";
		};
		1A2B3C4D5E6F708090A0B0F1 /* LangSwitcher */ = {
			isa = PBXGroup;
			children = (
				1A2B3C4D5E6F708090A0B001 /* main.swift */,
				1A2B3C4D5E6F708090A0B002 /* AppDelegate.swift */,
				1A2B3C4D5E6F708090A0B003 /* KeyboardLayout.swift */,
				1A2B3C4D5E6F708090A0B004 /* HotkeyStore.swift */,
				1A2B3C4D5E6F708090A0B005 /* SplashWindowController.swift */,
				1A2B3C4D5E6F708090A0B006 /* SettingsWindowController.swift */,
				1A2B3C4D5E6F708090A0B007 /* Assets.xcassets */,
				1A2B3C4D5E6F708090A0B008 /* LangSwitcher.icns */,
				1A2B3C4D5E6F708090A0B009 /* Info.plist */,
			);
			path = LangSwitcher;
			sourceTree = "<group>";
		};
		1A2B3C4D5E6F708090A0B0F2 /* Products */ = {
			isa = PBXGroup;
			children = (
				1A2B3C4D5E6F708090A0B0D0 /* LangSwitcher.app */,
			);
			name = Products;
			sourceTree = "<group>";
		};
/* End PBXGroup section */

/* Begin PBXNativeTarget section */
		1A2B3C4D5E6F708090A0B0C1 /* LangSwitcher */ = {
			isa = PBXNativeTarget;
			buildConfigurationList = 1A2B3C4D5E6F708090A0B0C6 /* Build configuration list for PBXNativeTarget "LangSwitcher" */;
			buildPhases = (
				1A2B3C4D5E6F708090A0B0E0 /* Sources */,
				1A2B3C4D5E6F708090A0B0E1 /* Frameworks */,
				1A2B3C4D5E6F708090A0B0E2 /* Resources */,
			);
			buildRules = (
			);
			dependencies = (
			);
			name = LangSwitcher;
			productName = LangSwitcher;
			productReference = 1A2B3C4D5E6F708090A0B0D0 /* LangSwitcher.app */;
			productType = "com.apple.product-type.application";
		};
/* End PBXNativeTarget section */

/* Begin PBXProject section */
		1A2B3C4D5E6F708090A0B0C0 /* Project object */ = {
			isa = PBXProject;
			attributes = {
				LastSwiftUpdateCheck = 1400;
				LastUpgradeCheck = 1400;
			};
			buildConfigurationList = 1A2B3C4D5E6F708090A0B0C7 /* Build configuration list for PBXProject "LangSwitcher" */;
			compatibilityVersion = "Xcode 14.0";
			developmentRegion = en;
			hasScannedForEncodings = 0;
			knownRegions = (
				en,
				Base,
			);
			mainGroup = 1A2B3C4D5E6F708090A0B0F0;
			productRefGroup = 1A2B3C4D5E6F708090A0B0F2 /* Products */;
			projectDirPath = "";
			projectRoot = "";
			targets = (
				1A2B3C4D5E6F708090A0B0C1 /* LangSwitcher */,
			);
		};
/* End PBXProject section */

/* Begin PBXResourcesBuildPhase section */
		1A2B3C4D5E6F708090A0B0E2 /* Resources */ = {
			isa = PBXResourcesBuildPhase;
			buildActionMask = 2147483647;
			files = (
				1A2B3C4D5E6F708090A0B107 /* Assets.xcassets in Resources */,
				1A2B3C4D5E6F708090A0B108 /* LangSwitcher.icns in Resources */,
			);
			runOnlyForDeploymentPostprocessing = 0;
		};
/* End PBXResourcesBuildPhase section */

/* Begin PBXSourcesBuildPhase section */
		1A2B3C4D5E6F708090A0B0E0 /* Sources */ = {
			isa = PBXSourcesBuildPhase;
			buildActionMask = 2147483647;
			files = (
				1A2B3C4D5E6F708090A0B101 /* main.swift in Sources */,
				1A2B3C4D5E6F708090A0B102 /* AppDelegate.swift in Sources */,
				1A2B3C4D5E6F708090A0B103 /* KeyboardLayout.swift in Sources */,
				1A2B3C4D5E6F708090A0B104 /* HotkeyStore.swift in Sources */,
				1A2B3C4D5E6F708090A0B105 /* SplashWindowController.swift in Sources */,
				1A2B3C4D5E6F708090A0B106 /* SettingsWindowController.swift in Sources */,
			);
			runOnlyForDeploymentPostprocessing = 0;
		};
/* End PBXSourcesBuildPhase section */

/* Begin XCBuildConfiguration section */
		1A2B3C4D5E6F708090A0B0C2 /* Debug */ = {
			isa = XCBuildConfiguration;
			buildSettings = {
				ASSETCATALOG_COMPILER_APPICON_NAME = AppIcon;
				CODE_SIGN_IDENTITY = "-";
				CODE_SIGNING_ALLOWED = YES;
				CODE_SIGNING_REQUIRED = NO;
				COMBINE_HIDPI_IMAGES = YES;
				CURRENT_PROJECT_VERSION = 1;
				ENABLE_HARDENED_RUNTIME = NO;
				GENERATE_INFOPLIST_FILE = NO;
				INFOPLIST_FILE = LangSwitcher/Info.plist;
				LD_RUNPATH_SEARCH_PATHS = (
					"$(inherited)",
					"@executable_path/../Frameworks",
				);
				MACOSX_DEPLOYMENT_TARGET = 13.0;
				MARKETING_VERSION = 1.4;
				PRODUCT_BUNDLE_IDENTIFIER = com.langswitcher.LangSwitcher;
				PRODUCT_NAME = "$(TARGET_NAME)";
				SWIFT_VERSION = 5.0;
			};
			name = Debug;
		};
		1A2B3C4D5E6F708090A0B0C3 /* Release */ = {
			isa = XCBuildConfiguration;
			buildSettings = {
				ASSETCATALOG_COMPILER_APPICON_NAME = AppIcon;
				CODE_SIGN_IDENTITY = "-";
				CODE_SIGNING_ALLOWED = YES;
				CODE_SIGNING_REQUIRED = NO;
				COMBINE_HIDPI_IMAGES = YES;
				CURRENT_PROJECT_VERSION = 1;
				ENABLE_HARDENED_RUNTIME = NO;
				GENERATE_INFOPLIST_FILE = NO;
				INFOPLIST_FILE = LangSwitcher/Info.plist;
				LD_RUNPATH_SEARCH_PATHS = (
					"$(inherited)",
					"@executable_path/../Frameworks",
				);
				MACOSX_DEPLOYMENT_TARGET = 13.0;
				MARKETING_VERSION = 1.4;
				PRODUCT_BUNDLE_IDENTIFIER = com.langswitcher.LangSwitcher;
				PRODUCT_NAME = "$(TARGET_NAME)";
				SWIFT_VERSION = 5.0;
			};
			name = Release;
		};
		1A2B3C4D5E6F708090A0B0C4 /* Debug */ = {
			isa = XCBuildConfiguration;
			buildSettings = {
				ALWAYS_SEARCH_USER_PATHS = NO;
				CLANG_ANALYZER_NONNULL = YES;
				CLANG_ANALYZER_NUMBER_OBJECT_CONVERSION = YES_AGGRESSIVE;
				CLANG_CXX_LANGUAGE_STANDARD = "gnu++20";
				CLANG_ENABLE_MODULES = YES;
				CLANG_ENABLE_OBJC_ARC = YES;
				CLANG_ENABLE_OBJC_WEAK = YES;
				COPY_PHASE_STRIP = NO;
				DEBUG_INFORMATION_FORMAT = dwarf;
				ENABLE_STRICT_OBJC_MSGSEND = YES;
				GCC_C_LANGUAGE_STANDARD = gnu11;
				GCC_DYNAMIC_NO_PIC = NO;
				GCC_NO_COMMON_BLOCKS = YES;
				GCC_OPTIMIZATION_LEVEL = 0;
				GCC_PREPROCESSOR_DEFINITIONS = (
					"DEBUG=1",
					"$(inherited)",
				);
				GCC_WARN_64_TO_32_BIT_CONVERSION = YES;
				GCC_WARN_ABOUT_RETURN_TYPE = YES_ERROR;
				GCC_WARN_UNDECLARED_SELECTOR = YES;
				GCC_WARN_UNINITIALIZED_AUTOS = YES_AGGRESSIVE;
				GCC_WARN_UNUSED_FUNCTION = YES;
				GCC_WARN_UNUSED_VARIABLE = YES;
				MACOSX_DEPLOYMENT_TARGET = 13.0;
				MTL_ENABLE_DEBUG_INFO = INCLUDE_SOURCE;
				MTL_FAST_MATH = YES;
				ONLY_ACTIVE_ARCH = YES;
				SDKROOT = macosx;
				SWIFT_ACTIVE_COMPILATION_CONDITIONS = DEBUG;
				SWIFT_OPTIMIZATION_LEVEL = "-Onone";
			};
			name = Debug;
		};
		1A2B3C4D5E6F708090A0B0C5 /* Release */ = {
			isa = XCBuildConfiguration;
			buildSettings = {
				ALWAYS_SEARCH_USER_PATHS = NO;
				CLANG_ANALYZER_NONNULL = YES;
				CLANG_ANALYZER_NUMBER_OBJECT_CONVERSION = YES_AGGRESSIVE;
				CLANG_CXX_LANGUAGE_STANDARD = "gnu++20";
				CLANG_ENABLE_MODULES = YES;
				CLANG_ENABLE_OBJC_ARC = YES;
				CLANG_ENABLE_OBJC_WEAK = YES;
				COPY_PHASE_STRIP = NO;
				DEBUG_INFORMATION_FORMAT = "dwarf-with-dsym";
				ENABLE_NS_ASSERTIONS = NO;
				ENABLE_STRICT_OBJC_MSGSEND = YES;
				GCC_C_LANGUAGE_STANDARD = gnu11;
				GCC_NO_COMMON_BLOCKS = YES;
				GCC_WARN_64_TO_32_BIT_CONVERSION = YES;
				GCC_WARN_ABOUT_RETURN_TYPE = YES_ERROR;
				GCC_WARN_UNDECLARED_SELECTOR = YES;
				GCC_WARN_UNINITIALIZED_AUTOS = YES_AGGRESSIVE;
				GCC_WARN_UNUSED_FUNCTION = YES;
				GCC_WARN_UNUSED_VARIABLE = YES;
				MACOSX_DEPLOYMENT_TARGET = 13.0;
				MTL_ENABLE_DEBUG_INFO = NO;
				MTL_FAST_MATH = YES;
				SDKROOT = macosx;
				SWIFT_COMPILATION_MODE = wholemodule;
				SWIFT_OPTIMIZATION_LEVEL = "-O";
			};
			name = Release;
		};
/* End XCBuildConfiguration section */

/* Begin XCConfigurationList section */
		1A2B3C4D5E6F708090A0B0C6 /* Build configuration list for PBXNativeTarget "LangSwitcher" */ = {
			isa = XCConfigurationList;
			buildConfigurations = (
				1A2B3C4D5E6F708090A0B0C2 /* Debug */,
				1A2B3C4D5E6F708090A0B0C3 /* Release */,
			);
			defaultConfigurationIsVisible = 0;
			defaultConfigurationName = Release;
		};
		1A2B3C4D5E6F708090A0B0C7 /* Build configuration list for PBXProject "LangSwitcher" */ = {
			isa = XCConfigurationList;
			buildConfigurations = (
				1A2B3C4D5E6F708090A0B0C4 /* Debug */,
				1A2B3C4D5E6F708090A0B0C5 /* Release */,
			);
			defaultConfigurationIsVisible = 0;
			defaultConfigurationName = Release;
		};
/* End XCConfigurationList section */
	};
	rootObject = 1A2B3C4D5E6F708090A0B0C0 /* Project object */;
}
